# This file is automatically @generated by Cargo.
# It is not intended for manual editing.
version = 4

[[package]]
name = "pleiades-ayanamsa"
version = "0.1.0"
dependencies = [
 "pleiades-types",
]

[[package]]
name = "pleiades-backend"
version = "0.1.0"
dependencies = [
 "pleiades-types",
]

[[package]]
name = "pleiades-cli"
version = "0.1.0"
dependencies = [
 "pleiades-core",
 "pleiades-data",
 "pleiades-elp",
 "pleiades-jpl",
 "pleiades-vsop87",
]

[[package]]
name = "pleiades-compression"
version = "0.1.0"
dependencies = [
 "pleiades-types",
]

[[package]]
name = "pleiades-core"
version = "0.1.0"
dependencies = [
 "pleiades-ayanamsa",
 "pleiades-backend",
 "pleiades-compression",
 "pleiades-houses",
 "pleiades-types",
]

[[package]]
name = "pleiades-data"
version = "0.1.0"
dependencies = [
 "pleiades-backend",
 "pleiades-compression",
 "pleiades-jpl",
]

[[package]]
name = "pleiades-elp"
version = "0.1.0"
dependencies = [
 "pleiades-backend",
 "pleiades-types",
]

[[package]]
name = "pleiades-houses"
version = "0.1.0"
dependencies = [
 "pleiades-types",
]

[[package]]
name = "pleiades-jpl"
version = "0.1.0"
dependencies = [
 "pleiades-backend",
 "pleiades-types",
]

[[package]]
name = "pleiades-types"
version = "0.1.0"

[[package]]
name = "pleiades-validate"
version = "0.1.0"
dependencies = [
 "pleiades-compression",
 "pleiades-core",
 "pleiades-data",
 "pleiades-elp",
 "pleiades-jpl",
 "pleiades-vsop87",
]

[[package]]
name = "pleiades-vsop87"
version = "0.1.0"
dependencies = [
 "pleiades-backend",
 "pleiades-types",
]
